
Microsoft Visual Studio Solution File, Format Version 12.00
# Visual Studio 15
VisualStudioVersion = 15.0.28307.106
MinimumVisualStudioVersion = 10.0.40219.1
Project("{FAE04EC0-301F-11D3-BF4B-00C04F79EFBC}") = "MisteryBoxAPI", "MisteryBoxAPI\MisteryBoxAPI.csproj", "{A5C6BE69-D772-4AF8-95BA-D2CB3131D9D9}"
EndProject
Project("{FAE04EC0-301F-11D3-BF4B-00C04F79EFBC}") = "MisteryBoxInfraestructure", "MisteryBoxInfraestructure\MisteryBoxInfraestructure.csproj", "{8E1F96F6-EA24-463B-866D-CD62854175AA}"
EndProject
Project("{FAE04EC0-301F-11D3-BF4B-00C04F79EFBC}") = "MisteryBoxDomain", "MisteryBoxDomain\MisteryBoxDomain.csproj", "{BF0340CE-A94A-417B-8B58-33687554E2B5}"
EndProject
Global
	GlobalSection(SolutionConfigurationPlatforms) = preSolution
		Debug|Any CPU = Debug|Any CPU
		Release|Any CPU = Release|Any CPU
	EndGlobalSection
	GlobalSection(ProjectConfigurationPlatforms) = postSolution
		{A5C6BE69-D772-4AF8-95BA-D2CB3131D9D9}.Debug|Any CPU.ActiveCfg = Debug|Any CPU
		{A5C6BE69-D772-4AF8-95BA-D2CB3131D9D9}.Debug|Any CPU.Build.0 = Debug|Any CPU
		{A5C6BE69-D772-4AF8-95BA-D2CB3131D9D9}.Release|Any CPU.ActiveCfg = Release|Any CPU
		{A5C6BE69-D772-4AF8-95BA-D2CB3131D9D9}.Release|Any CPU.Build.0 = Release|Any CPU
		{8E1F96F6-EA24-463B-866D-CD62854175AA}.Debug|Any CPU.ActiveCfg = Debug|Any CPU
		{8E1F96F6-EA24-463B-866D-CD62854175AA}.Debug|Any CPU.Build.0 = Debug|Any CPU
		{8E1F96F6-EA24-463B-866D-CD62854175AA}.Release|Any CPU.ActiveCfg = Release|Any CPU
		{8E1F96F6-EA24-463B-866D-CD62854175AA}.Release|Any CPU.Build.0 = Release|Any CPU
		{BF0340CE-A94A-417B-8B58-33687554E2B5}.Debug|Any CPU.ActiveCfg = Debug|Any CPU
		{BF0340CE-A94A-417B-8B58-33687554E2B5}.Debug|Any CPU.Build.0 = Debug|Any CPU
		{BF0340CE-A94A-417B-8B58-33687554E2B5}.Release|Any CPU.ActiveCfg = Release|Any CPU
		{BF0340CE-A94A-417B-8B58-33687554E2B5}.Release|Any CPU.Build.0 = Release|Any CPU
	EndGlobalSection
	GlobalSection(SolutionProperties) = preSolution
		HideSolutionNode = FALSE
	EndGlobalSection
	GlobalSection(ExtensibilityGlobals) = postSolution
		SolutionGuid = {1CC81DB7-C8D5-444A-B2D1-2D61AD1166CD}
	EndGlobalSection
EndGlobal
